
Microsoft Visual Studio Solution File, Format Version 12.00
# Visual Studio Version 16
VisualStudioVersion = 16.0.30225.117
MinimumVisualStudioVersion = 10.0.40219.1
Project("{9A19103F-16F7-4668-BE54-9A1E7A4F7556}") = "CommanderWebAPI", "CommanderWebAPI\CommanderWebAPI.csproj", "{9802D6F1-3158-463B-B9AB-FD2345C81B55}"
EndProject
Project("{9A19103F-16F7-4668-BE54-9A1E7A4F7556}") = "IdentityServer_4", "IdentityServer_4\IdentityServer_4.csproj", "{3CB9EB1D-C793-4906-AD63-EB5B6D2B5E07}"
EndProject
Project("{9A19103F-16F7-4668-BE54-9A1E7A4F7556}") = "TokenServer (Simple Token Server)", "TokenServer\TokenServer (Simple Token Server).csproj", "{6D943962-F361-448A-A6DC-0FB22A4BD9DC}"
EndProject
Project("{FAE04EC0-301F-11D3-BF4B-00C04F79EFBC}") = "APIAsClient (Client_Credentisl_Flow)", "APIAsClient\APIAsClient (Client_Credentisl_Flow).csproj", "{BC0A4031-6C0A-4756-AB5F-72D9E86DDFCE}"
EndProject
Project("{FAE04EC0-301F-11D3-BF4B-00C04F79EFBC}") = "MVCClient (Authorization Code Flow)", "MVCClient (Authorization Code Flow)\MVCClient (Authorization Code Flow).csproj", "{ABF9FA6C-A2F3-4C5C-856F-ACADF179271A}"
EndProject
Global
	GlobalSection(SolutionConfigurationPlatforms) = preSolution
		Debug|Any CPU = Debug|Any CPU
		Release|Any CPU = Release|Any CPU
	EndGlobalSection
	GlobalSection(ProjectConfigurationPlatforms) = postSolution
		{9802D6F1-3158-463B-B9AB-FD2345C81B55}.Debug|Any CPU.ActiveCfg = Debug|Any CPU
		{9802D6F1-3158-463B-B9AB-FD2345C81B55}.Debug|Any CPU.Build.0 = Debug|Any CPU
		{9802D6F1-3158-463B-B9AB-FD2345C81B55}.Release|Any CPU.ActiveCfg = Release|Any CPU
		{9802D6F1-3158-463B-B9AB-FD2345C81B55}.Release|Any CPU.Build.0 = Release|Any CPU
		{3CB9EB1D-C793-4906-AD63-EB5B6D2B5E07}.Debug|Any CPU.ActiveCfg = Debug|Any CPU
		{3CB9EB1D-C793-4906-AD63-EB5B6D2B5E07}.Debug|Any CPU.Build.0 = Debug|Any CPU
		{3CB9EB1D-C793-4906-AD63-EB5B6D2B5E07}.Release|Any CPU.ActiveCfg = Release|Any CPU
		{3CB9EB1D-C793-4906-AD63-EB5B6D2B5E07}.Release|Any CPU.Build.0 = Release|Any CPU
		{6D943962-F361-448A-A6DC-0FB22A4BD9DC}.Debug|Any CPU.ActiveCfg = Debug|Any CPU
		{6D943962-F361-448A-A6DC-0FB22A4BD9DC}.Debug|Any CPU.Build.0 = Debug|Any CPU
		{6D943962-F361-448A-A6DC-0FB22A4BD9DC}.Release|Any CPU.ActiveCfg = Release|Any CPU
		{6D943962-F361-448A-A6DC-0FB22A4BD9DC}.Release|Any CPU.Build.0 = Release|Any CPU
		{BC0A4031-6C0A-4756-AB5F-72D9E86DDFCE}.Debug|Any CPU.ActiveCfg = Debug|Any CPU
		{BC0A4031-6C0A-4756-AB5F-72D9E86DDFCE}.Debug|Any CPU.Build.0 = Debug|Any CPU
		{BC0A4031-6C0A-4756-AB5F-72D9E86DDFCE}.Release|Any CPU.ActiveCfg = Release|Any CPU
		{BC0A4031-6C0A-4756-AB5F-72D9E86DDFCE}.Release|Any CPU.Build.0 = Release|Any CPU
		{ABF9FA6C-A2F3-4C5C-856F-ACADF179271A}.Debug|Any CPU.ActiveCfg = Debug|Any CPU
		{ABF9FA6C-A2F3-4C5C-856F-ACADF179271A}.Debug|Any CPU.Build.0 = Debug|Any CPU
		{ABF9FA6C-A2F3-4C5C-856F-ACADF179271A}.Release|Any CPU.ActiveCfg = Release|Any CPU
		{ABF9FA6C-A2F3-4C5C-856F-ACADF179271A}.Release|Any CPU.Build.0 = Release|Any CPU
	EndGlobalSection
	GlobalSection(SolutionProperties) = preSolution
		HideSolutionNode = FALSE
	EndGlobalSection
	GlobalSection(ExtensibilityGlobals) = postSolution
		SolutionGuid = {83320665-7588-4ED3-8E57-71F8821D54F2}
	EndGlobalSection
EndGlobal
